
Microsoft Visual Studio Solution File, Format Version 12.00
# Visual Studio Version 16
VisualStudioVersion = 16.0.29215.179
MinimumVisualStudioVersion = 10.0.40219.1
Project("{9A19103F-16F7-4668-BE54-9A1E7A4F7556}") = "VitecProjekt", "VitecProjekt.csproj", "{68458C73-50AC-4FCA-A122-C931C0660D1C}"
EndProject
Project("{FAE04EC0-301F-11D3-BF4B-00C04F79EFBC}") = "xUnitTest-VitecProject", "..\xUnitTest-VitecProject\xUnitTest-VitecProject.csproj", "{954C8980-D3F9-4232-B8E6-E20EF6FAA7CA}"
EndProject
Global
	GlobalSection(SolutionConfigurationPlatforms) = preSolution
		Debug|Any CPU = Debug|Any CPU
		Release|Any CPU = Release|Any CPU
	EndGlobalSection
	GlobalSection(ProjectConfigurationPlatforms) = postSolution
		{68458C73-50AC-4FCA-A122-C931C0660D1C}.Debug|Any CPU.ActiveCfg = Debug|Any CPU
		{68458C73-50AC-4FCA-A122-C931C0660D1C}.Debug|Any CPU.Build.0 = Debug|Any CPU
		{68458C73-50AC-4FCA-A122-C931C0660D1C}.Release|Any CPU.ActiveCfg = Release|Any CPU
		{68458C73-50AC-4FCA-A122-C931C0660D1C}.Release|Any CPU.Build.0 = Release|Any CPU
		{954C8980-D3F9-4232-B8E6-E20EF6FAA7CA}.Debug|Any CPU.ActiveCfg = Debug|Any CPU
		{954C8980-D3F9-4232-B8E6-E20EF6FAA7CA}.Debug|Any CPU.Build.0 = Debug|Any CPU
		{954C8980-D3F9-4232-B8E6-E20EF6FAA7CA}.Release|Any CPU.ActiveCfg = Release|Any CPU
		{954C8980-D3F9-4232-B8E6-E20EF6FAA7CA}.Release|Any CPU.Build.0 = Release|Any CPU
	EndGlobalSection
	GlobalSection(SolutionProperties) = preSolution
		HideSolutionNode = FALSE
	EndGlobalSection
	GlobalSection(ExtensibilityGlobals) = postSolution
		SolutionGuid = {88F704F6-0FE0-4572-9B05-C0F17AE5E985}
	EndGlobalSection
EndGlobal
